// !$*UTF8*$!
{
	archiveVersion = 1;
	classes = {
	};
	objectVersion = 46;
	objects = {

/* Begin PBXBuildFile section */
		51285DCCF8832820A9BEAE71 /* Pods.framework in Frameworks */ = {isa = PBXBuildFile; fileRef = FA30B170095359C469D8EECB /* Pods.framework */; settings = {ATTRIBUTES = (Weak, ); }; };
		AB1206281B8D61DB0018ED04 /* MyOrderTableViewController.swift in Sources */ = {isa = PBXBuildFile; fileRef = AB1206271B8D61DB0018ED04 /* MyOrderTableViewController.swift */; settings = {ASSET_TAGS = (); }; };
		AB12062A1B8D63E10018ED04 /* MyOrderTableViewCell.swift in Sources */ = {isa = PBXBuildFile; fileRef = AB1206291B8D63E10018ED04 /* MyOrderTableViewCell.swift */; settings = {ASSET_TAGS = (); }; };
		AB12062E1B8D6CE30018ED04 /* MyOrderInfoTableViewController.swift in Sources */ = {isa = PBXBuildFile; fileRef = AB12062D1B8D6CE30018ED04 /* MyOrderInfoTableViewController.swift */; settings = {ASSET_TAGS = (); }; };
		AB28A8AF1B8B210000D251F8 /* AdView.m in Sources */ = {isa = PBXBuildFile; fileRef = AB28A8AE1B8B210000D251F8 /* AdView.m */; };
		AB327F621B8318AE00FA7EA1 /* AppDelegate.swift in Sources */ = {isa = PBXBuildFile; fileRef = AB327F611B8318AE00FA7EA1 /* AppDelegate.swift */; };
		AB327F641B8318AE00FA7EA1 /* ViewController.swift in Sources */ = {isa = PBXBuildFile; fileRef = AB327F631B8318AE00FA7EA1 /* ViewController.swift */; };
		AB327F671B8318AE00FA7EA1 /* Main.storyboard in Resources */ = {isa = PBXBuildFile; fileRef = AB327F651B8318AE00FA7EA1 /* Main.storyboard */; };
		AB327F6A1B8318AE00FA7EA1 /* shuxian_ios.xcdatamodeld in Sources */ = {isa = PBXBuildFile; fileRef = AB327F681B8318AE00FA7EA1 /* shuxian_ios.xcdatamodeld */; };
		AB327F6C1B8318AE00FA7EA1 /* Assets.xcassets in Resources */ = {isa = PBXBuildFile; fileRef = AB327F6B1B8318AE00FA7EA1 /* Assets.xcassets */; };
		AB327F6F1B8318AE00FA7EA1 /* LaunchScreen.storyboard in Resources */ = {isa = PBXBuildFile; fileRef = AB327F6D1B8318AE00FA7EA1 /* LaunchScreen.storyboard */; };
		AB327F7C1B8320D200FA7EA1 /* Find.storyboard in Resources */ = {isa = PBXBuildFile; fileRef = AB327F7A1B8320D200FA7EA1 /* Find.storyboard */; };
		AB6157AF1B847A60007774B7 /* My.storyboard in Resources */ = {isa = PBXBuildFile; fileRef = AB6157AE1B847A60007774B7 /* My.storyboard */; };
		AB6157B11B847EDC007774B7 /* MyViewController.swift in Sources */ = {isa = PBXBuildFile; fileRef = AB6157B01B847EDC007774B7 /* MyViewController.swift */; };
		AB65399A1B90127700BDAB39 /* SettingTableViewController.swift in Sources */ = {isa = PBXBuildFile; fileRef = AB6539991B90127700BDAB39 /* SettingTableViewController.swift */; settings = {ASSET_TAGS = (); }; };
		AB65399C1B9033A800BDAB39 /* PayTableViewController.swift in Sources */ = {isa = PBXBuildFile; fileRef = AB65399B1B9033A800BDAB39 /* PayTableViewController.swift */; settings = {ASSET_TAGS = (); }; };
		AB7CDE601B85C25A0075344D /* HomeCollectionViewController.swift in Sources */ = {isa = PBXBuildFile; fileRef = AB7CDE5F1B85C25A0075344D /* HomeCollectionViewController.swift */; };
		AB7CDE621B85C29D0075344D /* HomeCollectionViewCell.swift in Sources */ = {isa = PBXBuildFile; fileRef = AB7CDE611B85C29D0075344D /* HomeCollectionViewCell.swift */; };
		AB7CDE651B85C8C40075344D /* Home.storyboard in Resources */ = {isa = PBXBuildFile; fileRef = AB7CDE631B85C8C40075344D /* Home.storyboard */; };
		AB8CA8831B84386300E30C13 /* LoginViewController.swift in Sources */ = {isa = PBXBuildFile; fileRef = AB8CA8821B84386300E30C13 /* LoginViewController.swift */; };
		AB8CA8861B84387000E30C13 /* Login.storyboard in Resources */ = {isa = PBXBuildFile; fileRef = AB8CA8841B84387000E30C13 /* Login.storyboard */; };
		AB8E513A1B9451BE009A3BE4 /* BuyTableViewController.swift in Sources */ = {isa = PBXBuildFile; fileRef = AB8E51391B9451BE009A3BE4 /* BuyTableViewController.swift */; settings = {ASSET_TAGS = (); }; };
		AB8E513D1B94532C009A3BE4 /* Buy.storyboard in Resources */ = {isa = PBXBuildFile; fileRef = AB8E513B1B94532C009A3BE4 /* Buy.storyboard */; settings = {ASSET_TAGS = (); }; };
		ABABF4421B95A801004CDBF0 /* BuyInfoViewController.swift in Sources */ = {isa = PBXBuildFile; fileRef = ABABF4401B95A801004CDBF0 /* BuyInfoViewController.swift */; settings = {ASSET_TAGS = (); }; };
		ABABF4431B95A801004CDBF0 /* BuyInfoViewController.xib in Resources */ = {isa = PBXBuildFile; fileRef = ABABF4411B95A801004CDBF0 /* BuyInfoViewController.xib */; settings = {ASSET_TAGS = (); }; };
		ABABF4461B96CD00004CDBF0 /* GMStepper.swift in Sources */ = {isa = PBXBuildFile; fileRef = ABABF4451B96CD00004CDBF0 /* GMStepper.swift */; settings = {ASSET_TAGS = (); }; };
		ABABF44A1B96E6A5004CDBF0 /* CreateOrderViewController.swift in Sources */ = {isa = PBXBuildFile; fileRef = ABABF4491B96E6A5004CDBF0 /* CreateOrderViewController.swift */; settings = {ASSET_TAGS = (); }; };
		ABABF44C1B96F13F004CDBF0 /* CreateOrderTableViewController.swift in Sources */ = {isa = PBXBuildFile; fileRef = ABABF44B1B96F13F004CDBF0 /* CreateOrderTableViewController.swift */; settings = {ASSET_TAGS = (); }; };
		ABB69A751B8D8F8C0085B0B4 /* MyOrderInfoTableViewCell.swift in Sources */ = {isa = PBXBuildFile; fileRef = ABB69A741B8D8F8C0085B0B4 /* MyOrderInfoTableViewCell.swift */; settings = {ASSET_TAGS = (); }; };
		ABCA584F1B904993002313CD /* MyOrder.storyboard in Resources */ = {isa = PBXBuildFile; fileRef = ABCA584E1B904993002313CD /* MyOrder.storyboard */; settings = {ASSET_TAGS = (); }; };
		ABCA58511B9049B2002313CD /* MySetting.storyboard in Resources */ = {isa = PBXBuildFile; fileRef = ABCA58501B9049B2002313CD /* MySetting.storyboard */; settings = {ASSET_TAGS = (); }; };
		ABE271921B857BAF007E6366 /* UIImage+ImageEffects.m in Sources */ = {isa = PBXBuildFile; fileRef = ABE2718F1B857BAF007E6366 /* UIImage+ImageEffects.m */; };
		ABE271931B857BAF007E6366 /* ParallaxHeaderView.m in Sources */ = {isa = PBXBuildFile; fileRef = ABE271911B857BAF007E6366 /* ParallaxHeaderView.m */; };
/* End PBXBuildFile section */

/* Begin PBXFileReference section */
		886EBF895BE7E8CEB1E3D33E /* Pods.debug.xcconfig */ = {isa = PBXFileReference; includeInIndex = 1; lastKnownFileType = text.xcconfig; name = Pods.debug.xcconfig; path = "Pods/Target Support Files/Pods/Pods.debug.xcconfig"; sourceTree = "<group>"; };
		925C1D3126FE0796EEEC4382 /* Pods.release.xcconfig */ = {isa = PBXFileReference; includeInIndex = 1; lastKnownFileType = text.xcconfig; name = Pods.release.xcconfig; path = "Pods/Target Support Files/Pods/Pods.release.xcconfig"; sourceTree = "<group>"; };
		AB1206271B8D61DB0018ED04 /* MyOrderTableViewController.swift */ = {isa = PBXFileReference; fileEncoding = 4; lastKnownFileType = sourcecode.swift; path = MyOrderTableViewController.swift; sourceTree = "<group>"; };
		AB1206291B8D63E10018ED04 /* MyOrderTableViewCell.swift */ = {isa = PBXFileReference; fileEncoding = 4; lastKnownFileType = sourcecode.swift; path = MyOrderTableViewCell.swift; sourceTree = "<group>"; };
		AB12062D1B8D6CE30018ED04 /* MyOrderInfoTableViewController.swift */ = {isa = PBXFileReference; fileEncoding = 4; lastKnownFileType = sourcecode.swift; path = MyOrderInfoTableViewController.swift; sourceTree = "<group>"; };
		AB28A8AD1B8B210000D251F8 /* AdView.h */ = {isa = PBXFileReference; fileEncoding = 4; lastKnownFileType = sourcecode.c.h; path = AdView.h; sourceTree = "<group>"; };
		AB28A8AE1B8B210000D251F8 /* AdView.m */ = {isa = PBXFileReference; fileEncoding = 4; lastKnownFileType = sourcecode.c.objc; path = AdView.m; sourceTree = "<group>"; };
		AB327F5E1B8318AE00FA7EA1 /* shuxian_ios.app */ = {isa = PBXFileReference; explicitFileType = wrapper.application; includeInIndex = 0; path = shuxian_ios.app; sourceTree = BUILT_PRODUCTS_DIR; };
		AB327F611B8318AE00FA7EA1 /* AppDelegate.swift */ = {isa = PBXFileReference; lastKnownFileType = sourcecode.swift; path = AppDelegate.swift; sourceTree = "<group>"; };
		AB327F631B8318AE00FA7EA1 /* ViewController.swift */ = {isa = PBXFileReference; lastKnownFileType = sourcecode.swift; path = ViewController.swift; sourceTree = "<group>"; };
		AB327F661B8318AE00FA7EA1 /* Base */ = {isa = PBXFileReference; lastKnownFileType = file.storyboard; name = Base; path = Base.lproj/Main.storyboard; sourceTree = "<group>"; };
		AB327F691B8318AE00FA7EA1 /* shuxian_ios.xcdatamodel */ = {isa = PBXFileReference; lastKnownFileType = wrapper.xcdatamodel; path = shuxian_ios.xcdatamodel; sourceTree = "<group>"; };
		AB327F6B1B8318AE00FA7EA1 /* Assets.xcassets */ = {isa = PBXFileReference; lastKnownFileType = folder.assetcatalog; path = Assets.xcassets; sourceTree = "<group>"; };
		AB327F6E1B8318AE00FA7EA1 /* Base */ = {isa = PBXFileReference; lastKnownFileType = file.storyboard; name = Base; path = Base.lproj/LaunchScreen.storyboard; sourceTree = "<group>"; };
		AB327F701B8318AE00FA7EA1 /* Info.plist */ = {isa = PBXFileReference; lastKnownFileType = text.plist.xml; path = Info.plist; sourceTree = "<group>"; };
		AB327F7B1B8320D200FA7EA1 /* Base */ = {isa = PBXFileReference; lastKnownFileType = file.storyboard; name = Base; path = Base.lproj/Find.storyboard; sourceTree = "<group>"; };
		AB6157AE1B847A60007774B7 /* My.storyboard */ = {isa = PBXFileReference; fileEncoding = 4; lastKnownFileType = file.storyboard; path = My.storyboard; sourceTree = "<group>"; };
		AB6157B01B847EDC007774B7 /* MyViewController.swift */ = {isa = PBXFileReference; fileEncoding = 4; lastKnownFileType = sourcecode.swift; path = MyViewController.swift; sourceTree = "<group>"; };
		AB6539991B90127700BDAB39 /* SettingTableViewController.swift */ = {isa = PBXFileReference; fileEncoding = 4; lastKnownFileType = sourcecode.swift; path = SettingTableViewController.swift; sourceTree = "<group>"; };
		AB65399B1B9033A800BDAB39 /* PayTableViewController.swift */ = {isa = PBXFileReference; fileEncoding = 4; lastKnownFileType = sourcecode.swift; path = PayTableViewController.swift; sourceTree = "<group>"; };
		AB7CDE5F1B85C25A0075344D /* HomeCollectionViewController.swift */ = {isa = PBXFileReference; fileEncoding = 4; lastKnownFileType = sourcecode.swift; path = HomeCollectionViewController.swift; sourceTree = "<group>"; };
		AB7CDE611B85C29D0075344D /* HomeCollectionViewCell.swift */ = {isa = PBXFileReference; fileEncoding = 4; lastKnownFileType = sourcecode.swift; path = HomeCollectionViewCell.swift; sourceTree = "<group>"; };
		AB7CDE641B85C8C40075344D /* Base */ = {isa = PBXFileReference; lastKnownFileType = file.storyboard; name = Base; path = Base.lproj/Home.storyboard; sourceTree = "<group>"; };
		AB8CA8821B84386300E30C13 /* LoginViewController.swift */ = {isa = PBXFileReference; fileEncoding = 4; lastKnownFileType = sourcecode.swift; path = LoginViewController.swift; sourceTree = "<group>"; };
		AB8CA8851B84387000E30C13 /* Base */ = {isa = PBXFileReference; lastKnownFileType = file.storyboard; name = Base; path = Base.lproj/Login.storyboard; sourceTree = "<group>"; };
		AB8E51391B9451BE009A3BE4 /* BuyTableViewController.swift */ = {isa = PBXFileReference; fileEncoding = 4; lastKnownFileType = sourcecode.swift; path = BuyTableViewController.swift; sourceTree = "<group>"; };
		AB8E513C1B94532C009A3BE4 /* Base */ = {isa = PBXFileReference; lastKnownFileType = file.storyboard; name = Base; path = Base.lproj/Buy.storyboard; sourceTree = "<group>"; };
		ABABF4401B95A801004CDBF0 /* BuyInfoViewController.swift */ = {isa = PBXFileReference; fileEncoding = 4; lastKnownFileType = sourcecode.swift; path = BuyInfoViewController.swift; sourceTree = "<group>"; };
		ABABF4411B95A801004CDBF0 /* BuyInfoViewController.xib */ = {isa = PBXFileReference; fileEncoding = 4; lastKnownFileType = file.xib; path = BuyInfoViewController.xib; sourceTree = "<group>"; };
		ABABF4451B96CD00004CDBF0 /* GMStepper.swift */ = {isa = PBXFileReference; fileEncoding = 4; lastKnownFileType = sourcecode.swift; path = GMStepper.swift; sourceTree = "<group>"; };
		ABABF4491B96E6A5004CDBF0 /* CreateOrderViewController.swift */ = {isa = PBXFileReference; fileEncoding = 4; lastKnownFileType = sourcecode.swift; path = CreateOrderViewController.swift; sourceTree = "<group>"; };
		ABABF44B1B96F13F004CDBF0 /* CreateOrderTableViewController.swift */ = {isa = PBXFileReference; fileEncoding = 4; lastKnownFileType = sourcecode.swift; path = CreateOrderTableViewController.swift; sourceTree = "<group>"; };
		ABB1A0591B8483C30055D06A /* shuxian_ios-Bridging-Header.h */ = {isa = PBXFileReference; lastKnownFileType = sourcecode.c.h; path = "shuxian_ios-Bridging-Header.h"; sourceTree = "<group>"; };
		ABB69A741B8D8F8C0085B0B4 /* MyOrderInfoTableViewCell.swift */ = {isa = PBXFileReference; fileEncoding = 4; lastKnownFileType = sourcecode.swift; path = MyOrderInfoTableViewCell.swift; sourceTree = "<group>"; };
		ABCA584E1B904993002313CD /* MyOrder.storyboard */ = {isa = PBXFileReference; fileEncoding = 4; lastKnownFileType = file.storyboard; path = MyOrder.storyboard; sourceTree = "<group>"; };
		ABCA58501B9049B2002313CD /* MySetting.storyboard */ = {isa = PBXFileReference; fileEncoding = 4; lastKnownFileType = file.storyboard; path = MySetting.storyboard; sourceTree = "<group>"; };
		ABE2718E1B857BAF007E6366 /* UIImage+ImageEffects.h */ = {isa = PBXFileReference; fileEncoding = 4; lastKnownFileType = sourcecode.c.h; path = "UIImage+ImageEffects.h"; sourceTree = "<group>"; };
		ABE2718F1B857BAF007E6366 /* UIImage+ImageEffects.m */ = {isa = PBXFileReference; fileEncoding = 4; lastKnownFileType = sourcecode.c.objc; path = "UIImage+ImageEffects.m"; sourceTree = "<group>"; };
		ABE271901B857BAF007E6366 /* ParallaxHeaderView.h */ = {isa = PBXFileReference; fileEncoding = 4; lastKnownFileType = sourcecode.c.h; path = ParallaxHeaderView.h; sourceTree = "<group>"; };
		ABE271911B857BAF007E6366 /* ParallaxHeaderView.m */ = {isa = PBXFileReference; fileEncoding = 4; lastKnownFileType = sourcecode.c.objc; path = ParallaxHeaderView.m; sourceTree = "<group>"; };
		FA30B170095359C469D8EECB /* Pods.framework */ = {isa = PBXFileReference; explicitFileType = wrapper.framework; includeInIndex = 0; path = Pods.framework; sourceTree = BUILT_PRODUCTS_DIR; };
/* End PBXFileReference section */

/* Begin PBXFrameworksBuildPhase section */
		AB327F5B1B8318AE00FA7EA1 /* Frameworks */ = {
			isa = PBXFrameworksBuildPhase;
			buildActionMask = 2147483647;
			files = (
				51285DCCF8832820A9BEAE71 /* Pods.framework in Frameworks */,
			);
			runOnlyForDeploymentPostprocessing = 0;
		};
/* End PBXFrameworksBuildPhase section */

/* Begin PBXGroup section */
		AB28A89C1B8AFF2700D251F8 /* Resources */ = {
			isa = PBXGroup;
			children = (
			);
			name = Resources;
			sourceTree = "<group>";
		};
		AB28A8AC1B8B20F300D251F8 /* AdView */ = {
			isa = PBXGroup;
			children = (
				AB28A8AD1B8B210000D251F8 /* AdView.h */,
				AB28A8AE1B8B210000D251F8 /* AdView.m */,
			);
			name = AdView;
			sourceTree = "<group>";
		};
		AB327F551B8318AE00FA7EA1 = {
			isa = PBXGroup;
			children = (
				AB327F601B8318AE00FA7EA1 /* shuxian_ios */,
				AB327F5F1B8318AE00FA7EA1 /* Products */,
				E0DA0363D2BE63770D12ABB6 /* Pods */,
				BEB5349319396EC1ED606BED /* Frameworks */,
			);
			sourceTree = "<group>";
		};
		AB327F5F1B8318AE00FA7EA1 /* Products */ = {
			isa = PBXGroup;
			children = (
				AB327F5E1B8318AE00FA7EA1 /* shuxian_ios.app */,
			);
			name = Products;
			sourceTree = "<group>";
		};
		AB327F601B8318AE00FA7EA1 /* shuxian_ios */ = {
			isa = PBXGroup;
			children = (
				AB28A89C1B8AFF2700D251F8 /* Resources */,
				ABF3347C1B85B7E600C88D6E /* Views */,
				AB327F801B83295100FA7EA1 /* Utils */,
				AB327F7D1B83279000FA7EA1 /* Controllers */,
				AB327F791B8320AB00FA7EA1 /* sb */,
				AB327F611B8318AE00FA7EA1 /* AppDelegate.swift */,
				AB327F631B8318AE00FA7EA1 /* ViewController.swift */,
				AB327F6B1B8318AE00FA7EA1 /* Assets.xcassets */,
				AB327F6D1B8318AE00FA7EA1 /* LaunchScreen.storyboard */,
				AB327F701B8318AE00FA7EA1 /* Info.plist */,
				AB327F681B8318AE00FA7EA1 /* shuxian_ios.xcdatamodeld */,
				ABB1A0591B8483C30055D06A /* shuxian_ios-Bridging-Header.h */,
			);
			path = shuxian_ios;
			sourceTree = "<group>";
		};
		AB327F791B8320AB00FA7EA1 /* sb */ = {
			isa = PBXGroup;
			children = (
				AB327F651B8318AE00FA7EA1 /* Main.storyboard */,
				AB8E513B1B94532C009A3BE4 /* Buy.storyboard */,
				AB7CDE631B85C8C40075344D /* Home.storyboard */,
				AB6157AE1B847A60007774B7 /* My.storyboard */,
				ABCA58501B9049B2002313CD /* MySetting.storyboard */,
				ABCA584E1B904993002313CD /* MyOrder.storyboard */,
				AB8CA8841B84387000E30C13 /* Login.storyboard */,
				AB327F7A1B8320D200FA7EA1 /* Find.storyboard */,
			);
			name = sb;
			sourceTree = "<group>";
		};
		AB327F7D1B83279000FA7EA1 /* Controllers */ = {
			isa = PBXGroup;
			children = (
				AB8CA8821B84386300E30C13 /* LoginViewController.swift */,
				AB6157B01B847EDC007774B7 /* MyViewController.swift */,
				AB7CDE5F1B85C25A0075344D /* HomeCollectionViewController.swift */,
				AB1206271B8D61DB0018ED04 /* MyOrderTableViewController.swift */,
				AB12062D1B8D6CE30018ED04 /* MyOrderInfoTableViewController.swift */,
				AB6539991B90127700BDAB39 /* SettingTableViewController.swift */,
				AB65399B1B9033A800BDAB39 /* PayTableViewController.swift */,
				AB8E51391B9451BE009A3BE4 /* BuyTableViewController.swift */,
				ABABF4491B96E6A5004CDBF0 /* CreateOrderViewController.swift */,
				ABABF44B1B96F13F004CDBF0 /* CreateOrderTableViewController.swift */,
			);
			name = Controllers;
			sourceTree = "<group>";
		};
		AB327F801B83295100FA7EA1 /* Utils */ = {
			isa = PBXGroup;
			children = (
				ABABF4441B96CCF7004CDBF0 /* GMStepper */,
				AB28A8AC1B8B20F300D251F8 /* AdView */,
				ABE2718E1B857BAF007E6366 /* UIImage+ImageEffects.h */,
				ABE2718F1B857BAF007E6366 /* UIImage+ImageEffects.m */,
				ABE271901B857BAF007E6366 /* ParallaxHeaderView.h */,
				ABE271911B857BAF007E6366 /* ParallaxHeaderView.m */,
			);
			name = Utils;
			sourceTree = "<group>";
		};
		ABABF4441B96CCF7004CDBF0 /* GMStepper */ = {
			isa = PBXGroup;
			children = (
				ABABF4451B96CD00004CDBF0 /* GMStepper.swift */,
			);
			name = GMStepper;
			sourceTree = "<group>";
		};
		ABF3347C1B85B7E600C88D6E /* Views */ = {
			isa = PBXGroup;
			children = (
				AB7CDE611B85C29D0075344D /* HomeCollectionViewCell.swift */,
				AB1206291B8D63E10018ED04 /* MyOrderTableViewCell.swift */,
				ABB69A741B8D8F8C0085B0B4 /* MyOrderInfoTableViewCell.swift */,
				ABABF4401B95A801004CDBF0 /* BuyInfoViewController.swift */,
				ABABF4411B95A801004CDBF0 /* BuyInfoViewController.xib */,
			);
			name = Views;
			sourceTree = "<group>";
		};
		BEB5349319396EC1ED606BED /* Frameworks */ = {
			isa = PBXGroup;
			children = (
				FA30B170095359C469D8EECB /* Pods.framework */,
			);
			name = Frameworks;
			sourceTree = "<group>";
		};
		E0DA0363D2BE63770D12ABB6 /* Pods */ = {
			isa = PBXGroup;
			children = (
				886EBF895BE7E8CEB1E3D33E /* Pods.debug.xcconfig */,
				925C1D3126FE0796EEEC4382 /* Pods.release.xcconfig */,
			);
			name = Pods;
			sourceTree = "<group>";
		};
/* End PBXGroup section */

/* Begin PBXNativeTarget section */
		AB327F5D1B8318AE00FA7EA1 /* shuxian_ios */ = {
			isa = PBXNativeTarget;
			buildConfigurationList = AB327F731B8318AE00FA7EA1 /* Build configuration list for PBXNativeTarget "shuxian_ios" */;
			buildPhases = (
				A6DC83ACA05F6599C3C7067A /* Check Pods Manifest.lock */,
				AB327F5A1B8318AE00FA7EA1 /* Sources */,
				AB327F5B1B8318AE00FA7EA1 /* Frameworks */,
				AB327F5C1B8318AE00FA7EA1 /* Resources */,
				6BF9C72CBB7B998594D11D7F /* Embed Pods Frameworks */,
				8549FF8717F077FFEA1B97BD /* Copy Pods Resources */,
			);
			buildRules = (
			);
			dependencies = (
			);
			name = shuxian_ios;
			productName = shuxian_ios;
			productReference = AB327F5E1B8318AE00FA7EA1 /* shuxian_ios.app */;
			productType = "com.apple.product-type.application";
		};
/* End PBXNativeTarget section */

/* Begin PBXProject section */
		AB327F561B8318AE00FA7EA1 /* Project object */ = {
			isa = PBXProject;
			attributes = {
				LastSwiftUpdateCheck = 0700;
				LastUpgradeCheck = 0700;
				ORGANIZATIONNAME = itjh;
				TargetAttributes = {
					AB327F5D1B8318AE00FA7EA1 = {
						CreatedOnToolsVersion = 7.0;
						DevelopmentTeam = 587PLL658T;
					};
				};
			};
			buildConfigurationList = AB327F591B8318AE00FA7EA1 /* Build configuration list for PBXProject "shuxian_ios" */;
			compatibilityVersion = "Xcode 3.2";
			developmentRegion = English;
			hasScannedForEncodings = 0;
			knownRegions = (
				en,
				Base,
			);
			mainGroup = AB327F551B8318AE00FA7EA1;
			productRefGroup = AB327F5F1B8318AE00FA7EA1 /* Products */;
			projectDirPath = "";
			projectRoot = "";
			targets = (
				AB327F5D1B8318AE00FA7EA1 /* shuxian_ios */,
			);
		};
/* End PBXProject section */

/* Begin PBXResourcesBuildPhase section */
		AB327F5C1B8318AE00FA7EA1 /* Resources */ = {
			isa = PBXResourcesBuildPhase;
			buildActionMask = 2147483647;
			files = (
				AB8CA8861B84387000E30C13 /* Login.storyboard in Resources */,
				AB327F6F1B8318AE00FA7EA1 /* LaunchScreen.storyboard in Resources */,
				ABABF4431B95A801004CDBF0 /* BuyInfoViewController.xib in Resources */,
				AB327F6C1B8318AE00FA7EA1 /* Assets.xcassets in Resources */,
				ABCA58511B9049B2002313CD /* MySetting.storyboard in Resources */,
				AB6157AF1B847A60007774B7 /* My.storyboard in Resources */,
				ABCA584F1B904993002313CD /* MyOrder.storyboard in Resources */,
				AB327F671B8318AE00FA7EA1 /* Main.storyboard in Resources */,
				AB327F7C1B8320D200FA7EA1 /* Find.storyboard in Resources */,
				AB7CDE651B85C8C40075344D /* Home.storyboard in Resources */,
				AB8E513D1B94532C009A3BE4 /* Buy.storyboard in Resources */,
			);
			runOnlyForDeploymentPostprocessing = 0;
		};
/* End PBXResourcesBuildPhase section */

/* Begin PBXShellScriptBuildPhase section */
		6BF9C72CBB7B998594D11D7F /* Embed Pods Frameworks */ = {
			isa = PBXShellScriptBuildPhase;
			buildActionMask = 2147483647;
			files = (
			);
			inputPaths = (
			);
			name = "Embed Pods Frameworks";
			outputPaths = (
			);
			runOnlyForDeploymentPostprocessing = 0;
			shellPath = /bin/sh;
			shellScript = "\"${SRCROOT}/Pods/Target Support Files/Pods/Pods-frameworks.sh\"\n";
			showEnvVarsInLog = 0;
		};
		8549FF8717F077FFEA1B97BD /* Copy Pods Resources */ = {
			isa = PBXShellScriptBuildPhase;
			buildActionMask = 2147483647;
			files = (
			);
			inputPaths = (
			);
			name = "Copy Pods Resources";
			outputPaths = (
			);
			runOnlyForDeploymentPostprocessing = 0;
			shellPath = /bin/sh;
			shellScript = "\"${SRCROOT}/Pods/Target Support Files/Pods/Pods-resources.sh\"\n";
			showEnvVarsInLog = 0;
		};
		A6DC83ACA05F6599C3C7067A /* Check Pods Manifest.lock */ = {
			isa = PBXShellScriptBuildPhase;
			buildActionMask = 2147483647;
			files = (
			);
			inputPaths = (
			);
			name = "Check Pods Manifest.lock";
			outputPaths = (
			);
			runOnlyForDeploymentPostprocessing = 0;
			shellPath = /bin/sh;
			shellScript = "diff \"${PODS_ROOT}/../Podfile.lock\" \"${PODS_ROOT}/Manifest.lock\" > /dev/null\nif [[ $? != 0 ]] ; then\n    cat << EOM\nerror: The sandbox is not in sync with the Podfile.lock. Run 'pod install' or update your CocoaPods installation.\nEOM\n    exit 1\nfi\n";
			showEnvVarsInLog = 0;
		};
/* End PBXShellScriptBuildPhase section */

/* Begin PBXSourcesBuildPhase section */
		AB327F5A1B8318AE00FA7EA1 /* Sources */ = {
			isa = PBXSourcesBuildPhase;
			buildActionMask = 2147483647;
			files = (
				ABE271931B857BAF007E6366 /* ParallaxHeaderView.m in Sources */,
				AB327F6A1B8318AE00FA7EA1 /* shuxian_ios.xcdatamodeld in Sources */,
				AB8E513A1B9451BE009A3BE4 /* BuyTableViewController.swift in Sources */,
				AB327F641B8318AE00FA7EA1 /* ViewController.swift in Sources */,
				ABE271921B857BAF007E6366 /* UIImage+ImageEffects.m in Sources */,
				AB327F621B8318AE00FA7EA1 /* AppDelegate.swift in Sources */,
				AB7CDE621B85C29D0075344D /* HomeCollectionViewCell.swift in Sources */,
				ABABF4461B96CD00004CDBF0 /* GMStepper.swift in Sources */,
				ABB69A751B8D8F8C0085B0B4 /* MyOrderInfoTableViewCell.swift in Sources */,
				ABABF44A1B96E6A5004CDBF0 /* CreateOrderViewController.swift in Sources */,
				AB12062E1B8D6CE30018ED04 /* MyOrderInfoTableViewController.swift in Sources */,
				AB65399C1B9033A800BDAB39 /* PayTableViewController.swift in Sources */,
				AB7CDE601B85C25A0075344D /* HomeCollectionViewController.swift in Sources */,
				AB65399A1B90127700BDAB39 /* SettingTableViewController.swift in Sources */,
				ABABF4421B95A801004CDBF0 /* BuyInfoViewController.swift in Sources */,
				ABABF44C1B96F13F004CDBF0 /* CreateOrderTableViewController.swift in Sources */,
				AB8CA8831B84386300E30C13 /* LoginViewController.swift in Sources */,
				AB6157B11B847EDC007774B7 /* MyViewController.swift in Sources */,
				AB1206281B8D61DB0018ED04 /* MyOrderTableViewController.swift in Sources */,
				AB12062A1B8D63E10018ED04 /* MyOrderTableViewCell.swift in Sources */,
				AB28A8AF1B8B210000D251F8 /* AdView.m in Sources */,
			);
			runOnlyForDeploymentPostprocessing = 0;
		};
/* End PBXSourcesBuildPhase section */

/* Begin PBXVariantGroup section */
		AB327F651B8318AE00FA7EA1 /* Main.storyboard */ = {
			isa = PBXVariantGroup;
			children = (
				AB327F661B8318AE00FA7EA1 /* Base */,
			);
			name = Main.storyboard;
			sourceTree = "<group>";
		};
		AB327F6D1B8318AE00FA7EA1 /* LaunchScreen.storyboard */ = {
			isa = PBXVariantGroup;
			children = (
				AB327F6E1B8318AE00FA7EA1 /* Base */,
			);
			name = LaunchScreen.storyboard;
			sourceTree = "<group>";
		};
		AB327F7A1B8320D200FA7EA1 /* Find.storyboard */ = {
			isa = PBXVariantGroup;
			children = (
				AB327F7B1B8320D200FA7EA1 /* Base */,
			);
			name = Find.storyboard;
			sourceTree = "<group>";
		};
		AB7CDE631B85C8C40075344D /* Home.storyboard */ = {
			isa = PBXVariantGroup;
			children = (
				AB7CDE641B85C8C40075344D /* Base */,
			);
			name = Home.storyboard;
			sourceTree = "<group>";
		};
		AB8CA8841B84387000E30C13 /* Login.storyboard */ = {
			isa = PBXVariantGroup;
			children = (
				AB8CA8851B84387000E30C13 /* Base */,
			);
			name = Login.storyboard;
			sourceTree = "<group>";
		};
		AB8E513B1B94532C009A3BE4 /* Buy.storyboard */ = {
			isa = PBXVariantGroup;
			children = (
				AB8E513C1B94532C009A3BE4 /* Base */,
			);
			name = Buy.storyboard;
			sourceTree = "<group>";
		};
/* End PBXVariantGroup section */

/* Begin XCBuildConfiguration section */
		AB327F711B8318AE00FA7EA1 /* Debug */ = {
			isa = XCBuildConfiguration;
			buildSettings = {
				ALWAYS_SEARCH_USER_PATHS = NO;
				CLANG_CXX_LANGUAGE_STANDARD = "gnu++0x";
				CLANG_CXX_LIBRARY = "libc++";
				CLANG_ENABLE_MODULES = YES;
				CLANG_ENABLE_OBJC_ARC = YES;
				CLANG_WARN_BOOL_CONVERSION = YES;
				CLANG_WARN_CONSTANT_CONVERSION = YES;
				CLANG_WARN_DIRECT_OBJC_ISA_USAGE = YES_ERROR;
				CLANG_WARN_EMPTY_BODY = YES;
				CLANG_WARN_ENUM_CONVERSION = YES;
				CLANG_WARN_INT_CONVERSION = YES;
				CLANG_WARN_OBJC_ROOT_CLASS = YES_ERROR;
				CLANG_WARN_UNREACHABLE_CODE = YES;
				CLANG_WARN__DUPLICATE_METHOD_MATCH = YES;
				"CODE_SIGN_IDENTITY[sdk=iphoneos*]" = "iPhone Developer";
				COPY_PHASE_STRIP = NO;
				DEBUG_INFORMATION_FORMAT = dwarf;
				ENABLE_STRICT_OBJC_MSGSEND = YES;
				ENABLE_TESTABILITY = YES;
				GCC_C_LANGUAGE_STANDARD = gnu99;
				GCC_DYNAMIC_NO_PIC = NO;
				GCC_NO_COMMON_BLOCKS = YES;
				GCC_OPTIMIZATION_LEVEL = 0;
				GCC_PREPROCESSOR_DEFINITIONS = (
					"DEBUG=1",
					"$(inherited)",
				);
				GCC_WARN_64_TO_32_BIT_CONVERSION = YES;
				GCC_WARN_ABOUT_RETURN_TYPE = YES_ERROR;
				GCC_WARN_UNDECLARED_SELECTOR = YES;
				GCC_WARN_UNINITIALIZED_AUTOS = YES_AGGRESSIVE;
				GCC_WARN_UNUSED_FUNCTION = YES;
				GCC_WARN_UNUSED_VARIABLE = YES;
				IPHONEOS_DEPLOYMENT_TARGET = 9.0;
				MTL_ENABLE_DEBUG_INFO = YES;
				ONLY_ACTIVE_ARCH = YES;
				SDKROOT = iphoneos;
				SWIFT_OPTIMIZATION_LEVEL = "-Onone";
			};
			name = Debug;
		};
		AB327F721B8318AE00FA7EA1 /* Release */ = {
			isa = XCBuildConfiguration;
			buildSettings = {
				ALWAYS_SEARCH_USER_PATHS = NO;
				CLANG_CXX_LANGUAGE_STANDARD = "gnu++0x";
				CLANG_CXX_LIBRARY = "libc++";
				CLANG_ENABLE_MODULES = YES;
				CLANG_ENABLE_OBJC_ARC = YES;
				CLANG_WARN_BOOL_CONVERSION = YES;
				CLANG_WARN_CONSTANT_CONVERSION = YES;
				CLANG_WARN_DIRECT_OBJC_ISA_USAGE = YES_ERROR;
				CLANG_WARN_EMPTY_BODY = YES;
				CLANG_WARN_ENUM_CONVERSION = YES;
				CLANG_WARN_INT_CONVERSION = YES;
				CLANG_WARN_OBJC_ROOT_CLASS = YES_ERROR;
				CLANG_WARN_UNREACHABLE_CODE = YES;
				CLANG_WARN__DUPLICATE_METHOD_MATCH = YES;
				"CODE_SIGN_IDENTITY[sdk=iphoneos*]" = "iPhone Developer";
				COPY_PHASE_STRIP = NO;
				DEBUG_INFORMATION_FORMAT = "dwarf-with-dsym";
				ENABLE_NS_ASSERTIONS = NO;
				ENABLE_STRICT_OBJC_MSGSEND = YES;
				GCC_C_LANGUAGE_STANDARD = gnu99;
				GCC_NO_COMMON_BLOCKS = YES;
				GCC_WARN_64_TO_32_BIT_CONVERSION = YES;
				GCC_WARN_ABOUT_RETURN_TYPE = YES_ERROR;
				GCC_WARN_UNDECLARED_SELECTOR = YES;
				GCC_WARN_UNINITIALIZED_AUTOS = YES_AGGRESSIVE;
				GCC_WARN_UNUSED_FUNCTION = YES;
				GCC_WARN_UNUSED_VARIABLE = YES;
				IPHONEOS_DEPLOYMENT_TARGET = 9.0;
				MTL_ENABLE_DEBUG_INFO = NO;
				SDKROOT = iphoneos;
				VALIDATE_PRODUCT = YES;
			};
			name = Release;
		};
		AB327F741B8318AE00FA7EA1 /* Debug */ = {
			isa = XCBuildConfiguration;
			baseConfigurationReference = 886EBF895BE7E8CEB1E3D33E /* Pods.debug.xcconfig */;
			buildSettings = {
				ASSETCATALOG_COMPILER_APPICON_NAME = AppIcon;
				CLANG_ENABLE_MODULES = YES;
				CODE_SIGN_IDENTITY = "iPhone Developer";
				INFOPLIST_FILE = shuxian_ios/Info.plist;
				LD_RUNPATH_SEARCH_PATHS = "$(inherited) @executable_path/Frameworks";
				PRODUCT_BUNDLE_IDENTIFIER = "me.shuxian.shuxian-ios";
				PRODUCT_NAME = "$(TARGET_NAME)";
				SWIFT_OBJC_BRIDGING_HEADER = "shuxian_ios/shuxian_ios-Bridging-Header.h";
				SWIFT_OPTIMIZATION_LEVEL = "-Onone";
			};
			name = Debug;
		};
		AB327F751B8318AE00FA7EA1 /* Release */ = {
			isa = XCBuildConfiguration;
			baseConfigurationReference = 925C1D3126FE0796EEEC4382 /* Pods.release.xcconfig */;
			buildSettings = {
				ASSETCATALOG_COMPILER_APPICON_NAME = AppIcon;
				CLANG_ENABLE_MODULES = YES;
				CODE_SIGN_IDENTITY = "iPhone Developer";
				INFOPLIST_FILE = shuxian_ios/Info.plist;
				LD_RUNPATH_SEARCH_PATHS = "$(inherited) @executable_path/Frameworks";
				PRODUCT_BUNDLE_IDENTIFIER = "me.shuxian.shuxian-ios";
				PRODUCT_NAME = "$(TARGET_NAME)";
				SWIFT_OBJC_BRIDGING_HEADER = "shuxian_ios/shuxian_ios-Bridging-Header.h";
			};
			name = Release;
		};
/* End XCBuildConfiguration section */

/* Begin XCConfigurationList section */
		AB327F591B8318AE00FA7EA1 /* Build configuration list for PBXProject "shuxian_ios" */ = {
			isa = XCConfigurationList;
			buildConfigurations = (
				AB327F711B8318AE00FA7EA1 /* Debug */,
				AB327F721B8318AE00FA7EA1 /* Release */,
			);
			defaultConfigurationIsVisible = 0;
			defaultConfigurationName = Release;
		};
		AB327F731B8318AE00FA7EA1 /* Build configuration list for PBXNativeTarget "shuxian_ios" */ = {
			isa = XCConfigurationList;
			buildConfigurations = (
				AB327F741B8318AE00FA7EA1 /* Debug */,
				AB327F751B8318AE00FA7EA1 /* Release */,
			);
			defaultConfigurationIsVisible = 0;
			defaultConfigurationName = Release;
		};
/* End XCConfigurationList section */

/* Begin XCVersionGroup section */
		AB327F681B8318AE00FA7EA1 /* shuxian_ios.xcdatamodeld */ = {
			isa = XCVersionGroup;
			children = (
				AB327F691B8318AE00FA7EA1 /* shuxian_ios.xcdatamodel */,
			);
			currentVersion = AB327F691B8318AE00FA7EA1 /* shuxian_ios.xcdatamodel */;
			path = shuxian_ios.xcdatamodeld;
			sourceTree = "<group>";
			versionGroupType = wrapper.xcdatamodel;
		};
/* End XCVersionGroup section */
	};
	rootObject = AB327F561B8318AE00FA7EA1 /* Project object */;
}
