// !$*UTF8*$!
{
	archiveVersion = 1;
	classes = {
	};
	objectVersion = 46;
	objects = {

/* Begin PBXBuildFile section */
		AB327F621B8318AE00FA7EA1 /* AppDelegate.swift in Sources */ = {isa = PBXBuildFile; fileRef = AB327F611B8318AE00FA7EA1 /* AppDelegate.swift */; };
		AB327F641B8318AE00FA7EA1 /* ViewController.swift in Sources */ = {isa = PBXBuildFile; fileRef = AB327F631B8318AE00FA7EA1 /* ViewController.swift */; };
		AB327F671B8318AE00FA7EA1 /* Main.storyboard in Resources */ = {isa = PBXBuildFile; fileRef = AB327F651B8318AE00FA7EA1 /* Main.storyboard */; };
		AB327F6A1B8318AE00FA7EA1 /* shuxian_ios.xcdatamodeld in Sources */ = {isa = PBXBuildFile; fileRef = AB327F681B8318AE00FA7EA1 /* shuxian_ios.xcdatamodeld */; };
		AB327F6C1B8318AE00FA7EA1 /* Assets.xcassets in Resources */ = {isa = PBXBuildFile; fileRef = AB327F6B1B8318AE00FA7EA1 /* Assets.xcassets */; };
		AB327F6F1B8318AE00FA7EA1 /* LaunchScreen.storyboard in Resources */ = {isa = PBXBuildFile; fileRef = AB327F6D1B8318AE00FA7EA1 /* LaunchScreen.storyboard */; };
/* End PBXBuildFile section */

/* Begin PBXFileReference section */
		AB327F5E1B8318AE00FA7EA1 /* shuxian_ios.app */ = {isa = PBXFileReference; explicitFileType = wrapper.application; includeInIndex = 0; path = shuxian_ios.app; sourceTree = BUILT_PRODUCTS_DIR; };
		AB327F611B8318AE00FA7EA1 /* AppDelegate.swift */ = {isa = PBXFileReference; lastKnownFileType = sourcecode.swift; path = AppDelegate.swift; sourceTree = "<group>"; };
		AB327F631B8318AE00FA7EA1 /* ViewController.swift */ = {isa = PBXFileReference; lastKnownFileType = sourcecode.swift; path = ViewController.swift; sourceTree = "<group>"; };
		AB327F661B8318AE00FA7EA1 /* Base */ = {isa = PBXFileReference; lastKnownFileType = file.storyboard; name = Base; path = Base.lproj/Main.storyboard; sourceTree = "<group>"; };
		AB327F691B8318AE00FA7EA1 /* shuxian_ios.xcdatamodel */ = {isa = PBXFileReference; lastKnownFileType = wrapper.xcdatamodel; path = shuxian_ios.xcdatamodel; sourceTree = "<group>"; };
		AB327F6B1B8318AE00FA7EA1 /* Assets.xcassets */ = {isa = PBXFileReference; lastKnownFileType = folder.assetcatalog; path = Assets.xcassets; sourceTree = "<group>"; };
		AB327F6E1B8318AE00FA7EA1 /* Base */ = {isa = PBXFileReference; lastKnownFileType = file.storyboard; name = Base; path = Base.lproj/LaunchScreen.storyboard; sourceTree = "<group>"; };
		AB327F701B8318AE00FA7EA1 /* Info.plist */ = {isa = PBXFileReference; lastKnownFileType = text.plist.xml; path = Info.plist; sourceTree = "<group>"; };
/* End PBXFileReference section */

/* Begin PBXFrameworksBuildPhase section */
		AB327F5B1B8318AE00FA7EA1 /* Frameworks */ = {
			isa = PBXFrameworksBuildPhase;
			buildActionMask = 2147483647;
			files = (
			);
			runOnlyForDeploymentPostprocessing = 0;
		};
/* End PBXFrameworksBuildPhase section */

/* Begin PBXGroup section */
		AB327F551B8318AE00FA7EA1 = {
			isa = PBXGroup;
			children = (
				AB327F601B8318AE00FA7EA1 /* shuxian_ios */,
				AB327F5F1B8318AE00FA7EA1 /* Products */,
			);
			sourceTree = "<group>";
		};
		AB327F5F1B8318AE00FA7EA1 /* Products */ = {
			isa = PBXGroup;
			children = (
				AB327F5E1B8318AE00FA7EA1 /* shuxian_ios.app */,
			);
			name = Products;
			sourceTree = "<group>";
		};
		AB327F601B8318AE00FA7EA1 /* shuxian_ios */ = {
			isa = PBXGroup;
			children = (
				AB327F611B8318AE00FA7EA1 /* AppDelegate.swift */,
				AB327F631B8318AE00FA7EA1 /* ViewController.swift */,
				AB327F651B8318AE00FA7EA1 /* Main.storyboard */,
				AB327F6B1B8318AE00FA7EA1 /* Assets.xcassets */,
				AB327F6D1B8318AE00FA7EA1 /* LaunchScreen.storyboard */,
				AB327F701B8318AE00FA7EA1 /* Info.plist */,
				AB327F681B8318AE00FA7EA1 /* shuxian_ios.xcdatamodeld */,
			);
			path = shuxian_ios;
			sourceTree = "<group>";
		};
/* End PBXGroup section */

/* Begin PBXNativeTarget section */
		AB327F5D1B8318AE00FA7EA1 /* shuxian_ios */ = {
			isa = PBXNativeTarget;
			buildConfigurationList = AB327F731B8318AE00FA7EA1 /* Build configuration list for PBXNativeTarget "shuxian_ios" */;
			buildPhases = (
				AB327F5A1B8318AE00FA7EA1 /* Sources */,
				AB327F5B1B8318AE00FA7EA1 /* Frameworks */,
				AB327F5C1B8318AE00FA7EA1 /* Resources */,
			);
			buildRules = (
			);
			dependencies = (
			);
			name = shuxian_ios;
			productName = shuxian_ios;
			productReference = AB327F5E1B8318AE00FA7EA1 /* shuxian_ios.app */;
			productType = "com.apple.product-type.application";
		};
/* End PBXNativeTarget section */

/* Begin PBXProject section */
		AB327F561B8318AE00FA7EA1 /* Project object */ = {
			isa = PBXProject;
			attributes = {
				LastUpgradeCheck = 0700;
				ORGANIZATIONNAME = itjh;
				TargetAttributes = {
					AB327F5D1B8318AE00FA7EA1 = {
						CreatedOnToolsVersion = 7.0;
						DevelopmentTeam = 587PLL658T;
					};
				};
			};
			buildConfigurationList = AB327F591B8318AE00FA7EA1 /* Build configuration list for PBXProject "shuxian_ios" */;
			compatibilityVersion = "Xcode 3.2";
			developmentRegion = English;
			hasScannedForEncodings = 0;
			knownRegions = (
				en,
				Base,
			);
			mainGroup = AB327F551B8318AE00FA7EA1;
			productRefGroup = AB327F5F1B8318AE00FA7EA1 /* Products */;
			projectDirPath = "";
			projectRoot = "";
			targets = (
				AB327F5D1B8318AE00FA7EA1 /* shuxian_ios */,
			);
		};
/* End PBXProject section */

/* Begin PBXResourcesBuildPhase section */
		AB327F5C1B8318AE00FA7EA1 /* Resources */ = {
			isa = PBXResourcesBuildPhase;
			buildActionMask = 2147483647;
			files = (
				AB327F6F1B8318AE00FA7EA1 /* LaunchScreen.storyboard in Resources */,
				AB327F6C1B8318AE00FA7EA1 /* Assets.xcassets in Resources */,
				AB327F671B8318AE00FA7EA1 /* Main.storyboard in Resources */,
			);
			runOnlyForDeploymentPostprocessing = 0;
		};
/* End PBXResourcesBuildPhase section */

/* Begin PBXSourcesBuildPhase section */
		AB327F5A1B8318AE00FA7EA1 /* Sources */ = {
			isa = PBXSourcesBuildPhase;
			buildActionMask = 2147483647;
			files = (
				AB327F6A1B8318AE00FA7EA1 /* shuxian_ios.xcdatamodeld in Sources */,
				AB327F641B8318AE00FA7EA1 /* ViewController.swift in Sources */,
				AB327F621B8318AE00FA7EA1 /* AppDelegate.swift in Sources */,
			);
			runOnlyForDeploymentPostprocessing = 0;
		};
/* End PBXSourcesBuildPhase section */

/* Begin PBXVariantGroup section */
		AB327F651B8318AE00FA7EA1 /* Main.storyboard */ = {
			isa = PBXVariantGroup;
			children = (
				AB327F661B8318AE00FA7EA1 /* Base */,
			);
			name = Main.storyboard;
			sourceTree = "<group>";
		};
		AB327F6D1B8318AE00FA7EA1 /* LaunchScreen.storyboard */ = {
			isa = PBXVariantGroup;
			children = (
				AB327F6E1B8318AE00FA7EA1 /* Base */,
			);
			name = LaunchScreen.storyboard;
			sourceTree = "<group>";
		};
/* End PBXVariantGroup section */

/* Begin XCBuildConfiguration section */
		AB327F711B8318AE00FA7EA1 /* Debug */ = {
			isa = XCBuildConfiguration;
			buildSettings = {
				ALWAYS_SEARCH_USER_PATHS = NO;
				CLANG_CXX_LANGUAGE_STANDARD = "gnu++0x";
				CLANG_CXX_LIBRARY = "libc++";
				CLANG_ENABLE_MODULES = YES;
				CLANG_ENABLE_OBJC_ARC = YES;
				CLANG_WARN_BOOL_CONVERSION = YES;
				CLANG_WARN_CONSTANT_CONVERSION = YES;
				CLANG_WARN_DIRECT_OBJC_ISA_USAGE = YES_ERROR;
				CLANG_WARN_EMPTY_BODY = YES;
				CLANG_WARN_ENUM_CONVERSION = YES;
				CLANG_WARN_INT_CONVERSION = YES;
				CLANG_WARN_OBJC_ROOT_CLASS = YES_ERROR;
				CLANG_WARN_UNREACHABLE_CODE = YES;
				CLANG_WARN__DUPLICATE_METHOD_MATCH = YES;
				"CODE_SIGN_IDENTITY[sdk=iphoneos*]" = "iPhone Developer";
				COPY_PHASE_STRIP = NO;
				DEBUG_INFORMATION_FORMAT = dwarf;
				ENABLE_STRICT_OBJC_MSGSEND = YES;
				ENABLE_TESTABILITY = YES;
				GCC_C_LANGUAGE_STANDARD = gnu99;
				GCC_DYNAMIC_NO_PIC = NO;
				GCC_NO_COMMON_BLOCKS = YES;
				GCC_OPTIMIZATION_LEVEL = 0;
				GCC_PREPROCESSOR_DEFINITIONS = (
					"DEBUG=1",
					"$(inherited)",
				);
				GCC_WARN_64_TO_32_BIT_CONVERSION = YES;
				GCC_WARN_ABOUT_RETURN_TYPE = YES_ERROR;
				GCC_WARN_UNDECLARED_SELECTOR = YES;
				GCC_WARN_UNINITIALIZED_AUTOS = YES_AGGRESSIVE;
				GCC_WARN_UNUSED_FUNCTION = YES;
				GCC_WARN_UNUSED_VARIABLE = YES;
				IPHONEOS_DEPLOYMENT_TARGET = 9.0;
				MTL_ENABLE_DEBUG_INFO = YES;
				ONLY_ACTIVE_ARCH = YES;
				SDKROOT = iphoneos;
				SWIFT_OPTIMIZATION_LEVEL = "-Onone";
			};
			name = Debug;
		};
		AB327F721B8318AE00FA7EA1 /* Release */ = {
			isa = XCBuildConfiguration;
			buildSettings = {
				ALWAYS_SEARCH_USER_PATHS = NO;
				CLANG_CXX_LANGUAGE_STANDARD = "gnu++0x";
				CLANG_CXX_LIBRARY = "libc++";
				CLANG_ENABLE_MODULES = YES;
				CLANG_ENABLE_OBJC_ARC = YES;
				CLANG_WARN_BOOL_CONVERSION = YES;
				CLANG_WARN_CONSTANT_CONVERSION = YES;
				CLANG_WARN_DIRECT_OBJC_ISA_USAGE = YES_ERROR;
				CLANG_WARN_EMPTY_BODY = YES;
				CLANG_WARN_ENUM_CONVERSION = YES;
				CLANG_WARN_INT_CONVERSION = YES;
				CLANG_WARN_OBJC_ROOT_CLASS = YES_ERROR;
				CLANG_WARN_UNREACHABLE_CODE = YES;
				CLANG_WARN__DUPLICATE_METHOD_MATCH = YES;
				"CODE_SIGN_IDENTITY[sdk=iphoneos*]" = "iPhone Developer";
				COPY_PHASE_STRIP = NO;
				DEBUG_INFORMATION_FORMAT = "dwarf-with-dsym";
				ENABLE_NS_ASSERTIONS = NO;
				ENABLE_STRICT_OBJC_MSGSEND = YES;
				GCC_C_LANGUAGE_STANDARD = gnu99;
				GCC_NO_COMMON_BLOCKS = YES;
				GCC_WARN_64_TO_32_BIT_CONVERSION = YES;
				GCC_WARN_ABOUT_RETURN_TYPE = YES_ERROR;
				GCC_WARN_UNDECLARED_SELECTOR = YES;
				GCC_WARN_UNINITIALIZED_AUTOS = YES_AGGRESSIVE;
				GCC_WARN_UNUSED_FUNCTION = YES;
				GCC_WARN_UNUSED_VARIABLE = YES;
				IPHONEOS_DEPLOYMENT_TARGET = 9.0;
				MTL_ENABLE_DEBUG_INFO = NO;
				SDKROOT = iphoneos;
				VALIDATE_PRODUCT = YES;
			};
			name = Release;
		};
		AB327F741B8318AE00FA7EA1 /* Debug */ = {
			isa = XCBuildConfiguration;
			buildSettings = {
				ASSETCATALOG_COMPILER_APPICON_NAME = AppIcon;
				CODE_SIGN_IDENTITY = "iPhone Developer";
				INFOPLIST_FILE = shuxian_ios/Info.plist;
				LD_RUNPATH_SEARCH_PATHS = "$(inherited) @executable_path/Frameworks";
				PRODUCT_BUNDLE_IDENTIFIER = "me.shuxian.shuxian-ios";
				PRODUCT_NAME = "$(TARGET_NAME)";
			};
			name = Debug;
		};
		AB327F751B8318AE00FA7EA1 /* Release */ = {
			isa = XCBuildConfiguration;
			buildSettings = {
				ASSETCATALOG_COMPILER_APPICON_NAME = AppIcon;
				CODE_SIGN_IDENTITY = "iPhone Developer";
				INFOPLIST_FILE = shuxian_ios/Info.plist;
				LD_RUNPATH_SEARCH_PATHS = "$(inherited) @executable_path/Frameworks";
				PRODUCT_BUNDLE_IDENTIFIER = "me.shuxian.shuxian-ios";
				PRODUCT_NAME = "$(TARGET_NAME)";
			};
			name = Release;
		};
/* End XCBuildConfiguration section */

/* Begin XCConfigurationList section */
		AB327F591B8318AE00FA7EA1 /* Build configuration list for PBXProject "shuxian_ios" */ = {
			isa = XCConfigurationList;
			buildConfigurations = (
				AB327F711B8318AE00FA7EA1 /* Debug */,
				AB327F721B8318AE00FA7EA1 /* Release */,
			);
			defaultConfigurationIsVisible = 0;
			defaultConfigurationName = Release;
		};
		AB327F731B8318AE00FA7EA1 /* Build configuration list for PBXNativeTarget "shuxian_ios" */ = {
			isa = XCConfigurationList;
			buildConfigurations = (
				AB327F741B8318AE00FA7EA1 /* Debug */,
				AB327F751B8318AE00FA7EA1 /* Release */,
			);
			defaultConfigurationIsVisible = 0;
		};
/* End XCConfigurationList section */

/* Begin XCVersionGroup section */
		AB327F681B8318AE00FA7EA1 /* shuxian_ios.xcdatamodeld */ = {
			isa = XCVersionGroup;
			children = (
				AB327F691B8318AE00FA7EA1 /* shuxian_ios.xcdatamodel */,
			);
			currentVersion = AB327F691B8318AE00FA7EA1 /* shuxian_ios.xcdatamodel */;
			path = shuxian_ios.xcdatamodeld;
			sourceTree = "<group>";
			versionGroupType = wrapper.xcdatamodel;
		};
/* End XCVersionGroup section */
	};
	rootObject = AB327F561B8318AE00FA7EA1 /* Project object */;
}
